
Microsoft Visual Studio Solution File, Format Version 12.00
# Visual Studio Version 16
VisualStudioVersion = 16.0.29209.62
MinimumVisualStudioVersion = 10.0.40219.1
Project("{FAE04EC0-301F-11D3-BF4B-00C04F79EFBC}") = "TwentyOne", "TwentyOne\TwentyOne.csproj", "{CBF7182D-BA62-4724-9182-F75C60AB9DB8}"
EndProject
Project("{FAE04EC0-301F-11D3-BF4B-00C04F79EFBC}") = "Casino", "Casino\Casino.csproj", "{4ACCB47E-8917-48CE-A1A6-B8FDDE76C383}"
EndProject
Global
	GlobalSection(SolutionConfigurationPlatforms) = preSolution
		Debug|Any CPU = Debug|Any CPU
		Release|Any CPU = Release|Any CPU
	EndGlobalSection
	GlobalSection(ProjectConfigurationPlatforms) = postSolution
		{CBF7182D-BA62-4724-9182-F75C60AB9DB8}.Debug|Any CPU.ActiveCfg = Debug|Any CPU
		{CBF7182D-BA62-4724-9182-F75C60AB9DB8}.Debug|Any CPU.Build.0 = Debug|Any CPU
		{CBF7182D-BA62-4724-9182-F75C60AB9DB8}.Release|Any CPU.ActiveCfg = Release|Any CPU
		{CBF7182D-BA62-4724-9182-F75C60AB9DB8}.Release|Any CPU.Build.0 = Release|Any CPU
		{4ACCB47E-8917-48CE-A1A6-B8FDDE76C383}.Debug|Any CPU.ActiveCfg = Debug|Any CPU
		{4ACCB47E-8917-48CE-A1A6-B8FDDE76C383}.Debug|Any CPU.Build.0 = Debug|Any CPU
		{4ACCB47E-8917-48CE-A1A6-B8FDDE76C383}.Release|Any CPU.ActiveCfg = Release|Any CPU
		{4ACCB47E-8917-48CE-A1A6-B8FDDE76C383}.Release|Any CPU.Build.0 = Release|Any CPU
	EndGlobalSection
	GlobalSection(SolutionProperties) = preSolution
		HideSolutionNode = FALSE
	EndGlobalSection
	GlobalSection(ExtensibilityGlobals) = postSolution
		SolutionGuid = {DB4B009B-A3B2-49D2-998B-049752848B93}
	EndGlobalSection
EndGlobal
